// !$*UTF8*$!
{
	archiveVersion = 1;
	classes = {
	};
	objectVersion = 46;
	objects = {

/* Begin PBXBuildFile section */
		A5072FF616CA718A00DE6E3F /* MRPhotoBrowser.bundle in Resources */ = {isa = PBXBuildFile; fileRef = A5072FF516CA718A00DE6E3F /* MRPhotoBrowser.bundle */; };
		CA01F015DB0CC9B1465C724E /* InfoPlist.strings in Resources */ = {isa = PBXBuildFile; fileRef = CA01FE78DEEA394577AA5642 /* InfoPlist.strings */; };
		CA01F04C600A6C6542068D33 /* Foundation.framework in Frameworks */ = {isa = PBXBuildFile; fileRef = CA01F3A258D8F4F8502ACC17 /* Foundation.framework */; };
		CA01F0AB7FF9FF841EAE94F9 /* Security.framework in Frameworks */ = {isa = PBXBuildFile; fileRef = CA01FC191242D5362E72172E /* Security.framework */; };
		CA01F20AB34DA2827F947EEB /* MRPhotoGrayButton.m in Sources */ = {isa = PBXBuildFile; fileRef = CA01F01D7C371F319293B5D8 /* MRPhotoGrayButton.m */; };
		CA01F3548A6529985A61FAAA /* SystemConfiguration.framework in Frameworks */ = {isa = PBXBuildFile; fileRef = CA01F09A9A2749510B38F403 /* SystemConfiguration.framework */; };
		CA01F4A5EDF031C614588644 /* UIView+MRShadow.m in Sources */ = {isa = PBXBuildFile; fileRef = CA01FBC4F70912F6B18CF614 /* UIView+MRShadow.m */; };
		CA01F636857EDF1CE856FA1B /* Default@2x.png in Resources */ = {isa = PBXBuildFile; fileRef = CA01F53D68C1673B05C9707A /* Default@2x.png */; };
		CA01F666AE5EA4859D30D7DF /* MKNetworkEngine.m in Sources */ = {isa = PBXBuildFile; fileRef = CA01F129300F5A19505A7B4D /* MKNetworkEngine.m */; };
		CA01F66E142F4888B4CF6FA0 /* ITAppDelegate.m in Sources */ = {isa = PBXBuildFile; fileRef = CA01F41E012EBB0640561033 /* ITAppDelegate.m */; };
		CA01F6C5E51A8851A153228C /* QuartzCore.framework in Frameworks */ = {isa = PBXBuildFile; fileRef = CA01F99DAEDFA3B3DE2AAAAE /* QuartzCore.framework */; };
		CA01F6FAAFD17A558D118621 /* MRPhotoPassThroughView.m in Sources */ = {isa = PBXBuildFile; fileRef = CA01FFB2917E22858FBF7D55 /* MRPhotoPassThroughView.m */; };
		CA01F7398F76F3D7D4380AD9 /* MRPhotoBrowser.m in Sources */ = {isa = PBXBuildFile; fileRef = CA01FFD8F508766D96193615 /* MRPhotoBrowser.m */; };
		CA01F7B875BBC5CE32FDACB5 /* MRMainViewController.m in Sources */ = {isa = PBXBuildFile; fileRef = CA01FD2D367DD1725FC8E431 /* MRMainViewController.m */; };
		CA01F96AC69A3A9BB162B97E /* MKNetworkOperation.m in Sources */ = {isa = PBXBuildFile; fileRef = CA01F3CFA5A8216DD2BC2CD3 /* MKNetworkOperation.m */; };
		CA01F9AD1EF270A1B2009515 /* CFNetwork.framework in Frameworks */ = {isa = PBXBuildFile; fileRef = CA01FBFFCDFB42A32F035115 /* CFNetwork.framework */; };
		CA01FA222CC2A547BDEF3B24 /* NSData+MKBase64.m in Sources */ = {isa = PBXBuildFile; fileRef = CA01F9D4FE7DBC4356336CCE /* NSData+MKBase64.m */; };
		CA01FAE04B31A89B98836B88 /* Default.png in Resources */ = {isa = PBXBuildFile; fileRef = CA01FEC7FB2EDFABB405DF95 /* Default.png */; };
		CA01FAFE57E0C37A3F6579B6 /* Reachability.m in Sources */ = {isa = PBXBuildFile; fileRef = CA01FE3BDA179717C35CAB8B /* Reachability.m */; };
		CA01FBB9897606AE8C03116B /* MRPhotoTapImageView.m in Sources */ = {isa = PBXBuildFile; fileRef = CA01FB579E263E15BEB3C91B /* MRPhotoTapImageView.m */; };
		CA01FBD00D9E440749634599 /* NSString+MKNetworkKitAdditions.m in Sources */ = {isa = PBXBuildFile; fileRef = CA01F57765F5C7FBCF4FA78A /* NSString+MKNetworkKitAdditions.m */; };
		CA01FC3E2AAA5B7565E6F88B /* UIKit.framework in Frameworks */ = {isa = PBXBuildFile; fileRef = CA01FA55E7764E67D8C5ABDD /* UIKit.framework */; };
		CA01FD1BD848B4ABA86D9095 /* MRPhotoZoomingScrollView.m in Sources */ = {isa = PBXBuildFile; fileRef = CA01FC54E87AD10CEC95DBCD /* MRPhotoZoomingScrollView.m */; };
		CA01FD622D3345E58E903285 /* NSDate+RFC1123.m in Sources */ = {isa = PBXBuildFile; fileRef = CA01F135A9203588B90B5157 /* NSDate+RFC1123.m */; };
		CA01FD94AD9605B974AA76E9 /* UIAlertView+MKNetworkKitAdditions.m in Sources */ = {isa = PBXBuildFile; fileRef = CA01F37E7E5D6A8AAFBDED73 /* UIAlertView+MKNetworkKitAdditions.m */; };
		CA01FDDE9286C6073B18FC24 /* CoreGraphics.framework in Frameworks */ = {isa = PBXBuildFile; fileRef = CA01F5566147435A152E79F5 /* CoreGraphics.framework */; };
		CA01FDE9B29D8915C06E133A /* main.m in Sources */ = {isa = PBXBuildFile; fileRef = CA01F0FFF91F426D7EF4F679 /* main.m */; };
		CA01FDF65B2D364AE650D315 /* MRPhoto.m in Sources */ = {isa = PBXBuildFile; fileRef = CA01F3E194204E7A5F1F727B /* MRPhoto.m */; };
		CA01FE782FD625E228148809 /* NSDictionary+RequestEncoding.m in Sources */ = {isa = PBXBuildFile; fileRef = CA01FEEDB886A9816D92118E /* NSDictionary+RequestEncoding.m */; };
		CA01FED34057BA16C41FB790 /* NSAlert+MKNetworkKitAdditions.m in Sources */ = {isa = PBXBuildFile; fileRef = CA01FE791A147E907E0CCFD0 /* NSAlert+MKNetworkKitAdditions.m */; };
		CA01FF9ABB6FFFC9B7C2CBED /* Default-568h@2x.png in Resources */ = {isa = PBXBuildFile; fileRef = CA01FA2EDD48077A1B5FB9BB /* Default-568h@2x.png */; };
/* End PBXBuildFile section */

/* Begin PBXFileReference section */
		A5072FF516CA718A00DE6E3F /* MRPhotoBrowser.bundle */ = {isa = PBXFileReference; lastKnownFileType = "wrapper.plug-in"; path = MRPhotoBrowser.bundle; sourceTree = "<group>"; };
		CA01F01D7C371F319293B5D8 /* MRPhotoGrayButton.m */ = {isa = PBXFileReference; fileEncoding = 4; lastKnownFileType = sourcecode.c.objc; path = MRPhotoGrayButton.m; sourceTree = "<group>"; };
		CA01F0597B7F570FB8E5B575 /* en */ = {isa = PBXFileReference; lastKnownFileType = text.plist.strings; name = en; path = en.lproj/InfoPlist.strings; sourceTree = "<group>"; };
		CA01F09A9A2749510B38F403 /* SystemConfiguration.framework */ = {isa = PBXFileReference; lastKnownFileType = wrapper.framework; name = SystemConfiguration.framework; path = System/Library/Frameworks/SystemConfiguration.framework; sourceTree = SDKROOT; };
		CA01F0FFF91F426D7EF4F679 /* main.m */ = {isa = PBXFileReference; lastKnownFileType = sourcecode.c.objc; path = main.m; sourceTree = "<group>"; };
		CA01F129300F5A19505A7B4D /* MKNetworkEngine.m */ = {isa = PBXFileReference; fileEncoding = 4; lastKnownFileType = sourcecode.c.objc; path = MKNetworkEngine.m; sourceTree = "<group>"; };
		CA01F135A9203588B90B5157 /* NSDate+RFC1123.m */ = {isa = PBXFileReference; fileEncoding = 4; lastKnownFileType = sourcecode.c.objc; path = "NSDate+RFC1123.m"; sourceTree = "<group>"; };
		CA01F1A946D698BF69B17BDF /* UIView+MRShadow.h */ = {isa = PBXFileReference; fileEncoding = 4; lastKnownFileType = sourcecode.c.h; path = "UIView+MRShadow.h"; sourceTree = "<group>"; };
		CA01F22FEAA8DFF25E22E575 /* MRPhotoGrayButton.h */ = {isa = PBXFileReference; fileEncoding = 4; lastKnownFileType = sourcecode.c.h; path = MRPhotoGrayButton.h; sourceTree = "<group>"; };
		CA01F244E1193DF454005EE7 /* MRPhotoPassThroughView.h */ = {isa = PBXFileReference; fileEncoding = 4; lastKnownFileType = sourcecode.c.h; path = MRPhotoPassThroughView.h; sourceTree = "<group>"; };
		CA01F2483970F7E058F14C61 /* MKNetworkKit.h */ = {isa = PBXFileReference; fileEncoding = 4; lastKnownFileType = sourcecode.c.h; path = MKNetworkKit.h; sourceTree = "<group>"; };
		CA01F2FDD943012C8F411846 /* PhotoBrowser-Prefix.pch */ = {isa = PBXFileReference; lastKnownFileType = sourcecode.c.h; path = "PhotoBrowser-Prefix.pch"; sourceTree = "<group>"; };
		CA01F301FB75EA335BB003EC /* MRMainViewController.h */ = {isa = PBXFileReference; fileEncoding = 4; lastKnownFileType = sourcecode.c.h; path = MRMainViewController.h; sourceTree = "<group>"; };
		CA01F35BBC69040ADEC12928 /* NSDictionary+RequestEncoding.h */ = {isa = PBXFileReference; fileEncoding = 4; lastKnownFileType = sourcecode.c.h; path = "NSDictionary+RequestEncoding.h"; sourceTree = "<group>"; };
		CA01F37E7E5D6A8AAFBDED73 /* UIAlertView+MKNetworkKitAdditions.m */ = {isa = PBXFileReference; fileEncoding = 4; lastKnownFileType = sourcecode.c.objc; path = "UIAlertView+MKNetworkKitAdditions.m"; sourceTree = "<group>"; };
		CA01F3A258D8F4F8502ACC17 /* Foundation.framework */ = {isa = PBXFileReference; lastKnownFileType = wrapper.framework; name = Foundation.framework; path = System/Library/Frameworks/Foundation.framework; sourceTree = SDKROOT; };
		CA01F3CFA5A8216DD2BC2CD3 /* MKNetworkOperation.m */ = {isa = PBXFileReference; fileEncoding = 4; lastKnownFileType = sourcecode.c.objc; path = MKNetworkOperation.m; sourceTree = "<group>"; };
		CA01F3E194204E7A5F1F727B /* MRPhoto.m */ = {isa = PBXFileReference; fileEncoding = 4; lastKnownFileType = sourcecode.c.objc; path = MRPhoto.m; sourceTree = "<group>"; };
		CA01F41E012EBB0640561033 /* ITAppDelegate.m */ = {isa = PBXFileReference; lastKnownFileType = sourcecode.c.objc; path = ITAppDelegate.m; sourceTree = "<group>"; };
		CA01F4FC1F0EE2E801AA4965 /* MRPhotoBrowser.h */ = {isa = PBXFileReference; fileEncoding = 4; lastKnownFileType = sourcecode.c.h; path = MRPhotoBrowser.h; sourceTree = "<group>"; };
		CA01F53D68C1673B05C9707A /* Default@2x.png */ = {isa = PBXFileReference; lastKnownFileType = image.png; path = "Default@2x.png"; sourceTree = "<group>"; };
		CA01F5566147435A152E79F5 /* CoreGraphics.framework */ = {isa = PBXFileReference; lastKnownFileType = wrapper.framework; name = CoreGraphics.framework; path = System/Library/Frameworks/CoreGraphics.framework; sourceTree = SDKROOT; };
		CA01F57765F5C7FBCF4FA78A /* NSString+MKNetworkKitAdditions.m */ = {isa = PBXFileReference; fileEncoding = 4; lastKnownFileType = sourcecode.c.objc; path = "NSString+MKNetworkKitAdditions.m"; sourceTree = "<group>"; };
		CA01F5D3CAB33F220664486C /* ITAppDelegate.h */ = {isa = PBXFileReference; lastKnownFileType = sourcecode.c.h; path = ITAppDelegate.h; sourceTree = "<group>"; };
		CA01F6C0D23FBA2E5FE7ACEC /* NSString+MKNetworkKitAdditions.h */ = {isa = PBXFileReference; fileEncoding = 4; lastKnownFileType = sourcecode.c.h; path = "NSString+MKNetworkKitAdditions.h"; sourceTree = "<group>"; };
		CA01F6C498C8B18D70EE1E06 /* UIAlertView+MKNetworkKitAdditions.h */ = {isa = PBXFileReference; fileEncoding = 4; lastKnownFileType = sourcecode.c.h; path = "UIAlertView+MKNetworkKitAdditions.h"; sourceTree = "<group>"; };
		CA01F720597BCE2660F6441B /* MRPhotoZoomingScrollView.h */ = {isa = PBXFileReference; fileEncoding = 4; lastKnownFileType = sourcecode.c.h; path = MRPhotoZoomingScrollView.h; sourceTree = "<group>"; };
		CA01F8415A2E7A76C0C36E68 /* Reachability.h */ = {isa = PBXFileReference; fileEncoding = 4; lastKnownFileType = sourcecode.c.h; path = Reachability.h; sourceTree = "<group>"; };
		CA01F89FCD38FFF53CB3AF89 /* MKNetworkOperation.h */ = {isa = PBXFileReference; fileEncoding = 4; lastKnownFileType = sourcecode.c.h; path = MKNetworkOperation.h; sourceTree = "<group>"; };
		CA01F8ACE324E4E4B9BC4CEF /* NSData+MKBase64.h */ = {isa = PBXFileReference; fileEncoding = 4; lastKnownFileType = sourcecode.c.h; path = "NSData+MKBase64.h"; sourceTree = "<group>"; };
		CA01F8CED126D697B4D56B2E /* MRPhotoTapImageView.h */ = {isa = PBXFileReference; fileEncoding = 4; lastKnownFileType = sourcecode.c.h; path = MRPhotoTapImageView.h; sourceTree = "<group>"; };
		CA01F97A068A566FCE1AA53F /* NSAlert+MKNetworkKitAdditions.h */ = {isa = PBXFileReference; fileEncoding = 4; lastKnownFileType = sourcecode.c.h; path = "NSAlert+MKNetworkKitAdditions.h"; sourceTree = "<group>"; };
		CA01F99DAEDFA3B3DE2AAAAE /* QuartzCore.framework */ = {isa = PBXFileReference; lastKnownFileType = wrapper.framework; name = QuartzCore.framework; path = System/Library/Frameworks/QuartzCore.framework; sourceTree = SDKROOT; };
		CA01F9D4FE7DBC4356336CCE /* NSData+MKBase64.m */ = {isa = PBXFileReference; fileEncoding = 4; lastKnownFileType = sourcecode.c.objc; path = "NSData+MKBase64.m"; sourceTree = "<group>"; };
		CA01FA2EDD48077A1B5FB9BB /* Default-568h@2x.png */ = {isa = PBXFileReference; lastKnownFileType = image.png; path = "Default-568h@2x.png"; sourceTree = "<group>"; };
		CA01FA33D94433257C01934E /* PhotoBrowser-Info.plist */ = {isa = PBXFileReference; lastKnownFileType = text.plist.info; path = "PhotoBrowser-Info.plist"; sourceTree = "<group>"; };
		CA01FA55E7764E67D8C5ABDD /* UIKit.framework */ = {isa = PBXFileReference; lastKnownFileType = wrapper.framework; name = UIKit.framework; path = System/Library/Frameworks/UIKit.framework; sourceTree = SDKROOT; };
		CA01FB579E263E15BEB3C91B /* MRPhotoTapImageView.m */ = {isa = PBXFileReference; fileEncoding = 4; lastKnownFileType = sourcecode.c.objc; path = MRPhotoTapImageView.m; sourceTree = "<group>"; };
		CA01FBC4F70912F6B18CF614 /* UIView+MRShadow.m */ = {isa = PBXFileReference; fileEncoding = 4; lastKnownFileType = sourcecode.c.objc; path = "UIView+MRShadow.m"; sourceTree = "<group>"; };
		CA01FBFFCDFB42A32F035115 /* CFNetwork.framework */ = {isa = PBXFileReference; lastKnownFileType = wrapper.framework; name = CFNetwork.framework; path = System/Library/Frameworks/CFNetwork.framework; sourceTree = SDKROOT; };
		CA01FC191242D5362E72172E /* Security.framework */ = {isa = PBXFileReference; lastKnownFileType = wrapper.framework; name = Security.framework; path = System/Library/Frameworks/Security.framework; sourceTree = SDKROOT; };
		CA01FC54E87AD10CEC95DBCD /* MRPhotoZoomingScrollView.m */ = {isa = PBXFileReference; fileEncoding = 4; lastKnownFileType = sourcecode.c.objc; path = MRPhotoZoomingScrollView.m; sourceTree = "<group>"; };
		CA01FD2D367DD1725FC8E431 /* MRMainViewController.m */ = {isa = PBXFileReference; fileEncoding = 4; lastKnownFileType = sourcecode.c.objc; path = MRMainViewController.m; sourceTree = "<group>"; };
		CA01FDC40D27C25FC78572F9 /* MKNetworkEngine.h */ = {isa = PBXFileReference; fileEncoding = 4; lastKnownFileType = sourcecode.c.h; path = MKNetworkEngine.h; sourceTree = "<group>"; };
		CA01FE3BDA179717C35CAB8B /* Reachability.m */ = {isa = PBXFileReference; fileEncoding = 4; lastKnownFileType = sourcecode.c.objc; path = Reachability.m; sourceTree = "<group>"; };
		CA01FE603BF493832E3FC968 /* PhotoBrowser.app */ = {isa = PBXFileReference; explicitFileType = wrapper.application; includeInIndex = 0; path = PhotoBrowser.app; sourceTree = BUILT_PRODUCTS_DIR; };
		CA01FE791A147E907E0CCFD0 /* NSAlert+MKNetworkKitAdditions.m */ = {isa = PBXFileReference; fileEncoding = 4; lastKnownFileType = sourcecode.c.objc; path = "NSAlert+MKNetworkKitAdditions.m"; sourceTree = "<group>"; };
		CA01FEC7FB2EDFABB405DF95 /* Default.png */ = {isa = PBXFileReference; lastKnownFileType = image.png; path = Default.png; sourceTree = "<group>"; };
		CA01FEEDB886A9816D92118E /* NSDictionary+RequestEncoding.m */ = {isa = PBXFileReference; fileEncoding = 4; lastKnownFileType = sourcecode.c.objc; path = "NSDictionary+RequestEncoding.m"; sourceTree = "<group>"; };
		CA01FF43FD2177CD04940824 /* MRPhoto.h */ = {isa = PBXFileReference; fileEncoding = 4; lastKnownFileType = sourcecode.c.h; path = MRPhoto.h; sourceTree = "<group>"; };
		CA01FFA761F147DC762C7AD2 /* NSDate+RFC1123.h */ = {isa = PBXFileReference; fileEncoding = 4; lastKnownFileType = sourcecode.c.h; path = "NSDate+RFC1123.h"; sourceTree = "<group>"; };
		CA01FFB2917E22858FBF7D55 /* MRPhotoPassThroughView.m */ = {isa = PBXFileReference; fileEncoding = 4; lastKnownFileType = sourcecode.c.objc; path = MRPhotoPassThroughView.m; sourceTree = "<group>"; };
		CA01FFD8F508766D96193615 /* MRPhotoBrowser.m */ = {isa = PBXFileReference; fileEncoding = 4; lastKnownFileType = sourcecode.c.objc; path = MRPhotoBrowser.m; sourceTree = "<group>"; };
/* End PBXFileReference section */

/* Begin PBXFrameworksBuildPhase section */
		CA01FFF2D58E48861FC8F8A0 /* Frameworks */ = {
			isa = PBXFrameworksBuildPhase;
			buildActionMask = 2147483647;
			files = (
				CA01FC3E2AAA5B7565E6F88B /* UIKit.framework in Frameworks */,
				CA01F04C600A6C6542068D33 /* Foundation.framework in Frameworks */,
				CA01FDDE9286C6073B18FC24 /* CoreGraphics.framework in Frameworks */,
				CA01F9AD1EF270A1B2009515 /* CFNetwork.framework in Frameworks */,
				CA01F3548A6529985A61FAAA /* SystemConfiguration.framework in Frameworks */,
				CA01F0AB7FF9FF841EAE94F9 /* Security.framework in Frameworks */,
				CA01F6C5E51A8851A153228C /* QuartzCore.framework in Frameworks */,
			);
			runOnlyForDeploymentPostprocessing = 0;
		};
/* End PBXFrameworksBuildPhase section */

/* Begin PBXGroup section */
		CA01F020DC261A5AF41D870E /* External */ = {
			isa = PBXGroup;
			children = (
				CA01F7A65AE95A6685E53E71 /* MKNetworkKit */,
			);
			path = External;
			sourceTree = "<group>";
		};
		CA01F136577DD0BF2910B247 /* Frameworks */ = {
			isa = PBXGroup;
			children = (
				CA01FA55E7764E67D8C5ABDD /* UIKit.framework */,
				CA01F3A258D8F4F8502ACC17 /* Foundation.framework */,
				CA01F5566147435A152E79F5 /* CoreGraphics.framework */,
				CA01FBFFCDFB42A32F035115 /* CFNetwork.framework */,
				CA01F09A9A2749510B38F403 /* SystemConfiguration.framework */,
				CA01FC191242D5362E72172E /* Security.framework */,
				CA01F99DAEDFA3B3DE2AAAAE /* QuartzCore.framework */,
			);
			name = Frameworks;
			sourceTree = "<group>";
		};
		CA01F28DE3FFC90100F1A8D8 /* Products */ = {
			isa = PBXGroup;
			children = (
				CA01FE603BF493832E3FC968 /* PhotoBrowser.app */,
			);
			name = Products;
			sourceTree = "<group>";
		};
		CA01F41A244D90A251E452D5 /* Reachability */ = {
			isa = PBXGroup;
			children = (
				CA01F8415A2E7A76C0C36E68 /* Reachability.h */,
				CA01FE3BDA179717C35CAB8B /* Reachability.m */,
			);
			path = Reachability;
			sourceTree = "<group>";
		};
		CA01F4675223D53CFCD3265A /* Categories */ = {
			isa = PBXGroup;
			children = (
				CA01F1A946D698BF69B17BDF /* UIView+MRShadow.h */,
				CA01FBC4F70912F6B18CF614 /* UIView+MRShadow.m */,
			);
			path = Categories;
			sourceTree = "<group>";
		};
		CA01F6A215E5F707E6AED5EF /* Classes */ = {
			isa = PBXGroup;
			children = (
				CA01FD2D367DD1725FC8E431 /* MRMainViewController.m */,
				CA01F301FB75EA335BB003EC /* MRMainViewController.h */,
			);
			path = Classes;
			sourceTree = "<group>";
		};
		CA01F7A65AE95A6685E53E71 /* MKNetworkKit */ = {
			isa = PBXGroup;
			children = (
				CA01FB3E7544129AC814FC08 /* Categories */,
				CA01FDC40D27C25FC78572F9 /* MKNetworkEngine.h */,
				CA01F129300F5A19505A7B4D /* MKNetworkEngine.m */,
				CA01F2483970F7E058F14C61 /* MKNetworkKit.h */,
				CA01F89FCD38FFF53CB3AF89 /* MKNetworkOperation.h */,
				CA01F3CFA5A8216DD2BC2CD3 /* MKNetworkOperation.m */,
				CA01F41A244D90A251E452D5 /* Reachability */,
			);
			path = MKNetworkKit;
			sourceTree = "<group>";
		};
		CA01FB03AED003E4E62BAF54 /* PhotoBrowser */ = {
			isa = PBXGroup;
			children = (
				CA01FBE9C42EDAD44DB1C1E9 /* Supporting Files */,
				CA01F5D3CAB33F220664486C /* ITAppDelegate.h */,
				CA01F41E012EBB0640561033 /* ITAppDelegate.m */,
				CA01FC40E04B69241B880B6D /* PhotoBrowser */,
				CA01F020DC261A5AF41D870E /* External */,
				CA01F6A215E5F707E6AED5EF /* Classes */,
			);
			path = PhotoBrowser;
			sourceTree = "<group>";
		};
		CA01FB3E7544129AC814FC08 /* Categories */ = {
			isa = PBXGroup;
			children = (
				CA01F97A068A566FCE1AA53F /* NSAlert+MKNetworkKitAdditions.h */,
				CA01FE791A147E907E0CCFD0 /* NSAlert+MKNetworkKitAdditions.m */,
				CA01F8ACE324E4E4B9BC4CEF /* NSData+MKBase64.h */,
				CA01F9D4FE7DBC4356336CCE /* NSData+MKBase64.m */,
				CA01FFA761F147DC762C7AD2 /* NSDate+RFC1123.h */,
				CA01F135A9203588B90B5157 /* NSDate+RFC1123.m */,
				CA01F35BBC69040ADEC12928 /* NSDictionary+RequestEncoding.h */,
				CA01FEEDB886A9816D92118E /* NSDictionary+RequestEncoding.m */,
				CA01F6C0D23FBA2E5FE7ACEC /* NSString+MKNetworkKitAdditions.h */,
				CA01F57765F5C7FBCF4FA78A /* NSString+MKNetworkKitAdditions.m */,
				CA01F6C498C8B18D70EE1E06 /* UIAlertView+MKNetworkKitAdditions.h */,
				CA01F37E7E5D6A8AAFBDED73 /* UIAlertView+MKNetworkKitAdditions.m */,
			);
			path = Categories;
			sourceTree = "<group>";
		};
		CA01FBE9C42EDAD44DB1C1E9 /* Supporting Files */ = {
			isa = PBXGroup;
			children = (
				CA01FA33D94433257C01934E /* PhotoBrowser-Info.plist */,
				CA01FE78DEEA394577AA5642 /* InfoPlist.strings */,
				CA01F0FFF91F426D7EF4F679 /* main.m */,
				CA01F2FDD943012C8F411846 /* PhotoBrowser-Prefix.pch */,
				CA01FEC7FB2EDFABB405DF95 /* Default.png */,
				CA01F53D68C1673B05C9707A /* Default@2x.png */,
				CA01FA2EDD48077A1B5FB9BB /* Default-568h@2x.png */,
			);
			name = "Supporting Files";
			sourceTree = "<group>";
		};
		CA01FC40E04B69241B880B6D /* PhotoBrowser */ = {
			isa = PBXGroup;
			children = (
				CA01F3E194204E7A5F1F727B /* MRPhoto.m */,
				CA01FF43FD2177CD04940824 /* MRPhoto.h */,
				CA01FFD8F508766D96193615 /* MRPhotoBrowser.m */,
				CA01F4FC1F0EE2E801AA4965 /* MRPhotoBrowser.h */,
				CA01FB579E263E15BEB3C91B /* MRPhotoTapImageView.m */,
				CA01F8CED126D697B4D56B2E /* MRPhotoTapImageView.h */,
				CA01FC54E87AD10CEC95DBCD /* MRPhotoZoomingScrollView.m */,
				CA01F720597BCE2660F6441B /* MRPhotoZoomingScrollView.h */,
				CA01FFB2917E22858FBF7D55 /* MRPhotoPassThroughView.m */,
				CA01F244E1193DF454005EE7 /* MRPhotoPassThroughView.h */,
				A5072FF516CA718A00DE6E3F /* MRPhotoBrowser.bundle */,
				CA01F01D7C371F319293B5D8 /* MRPhotoGrayButton.m */,
				CA01F22FEAA8DFF25E22E575 /* MRPhotoGrayButton.h */,
				CA01F4675223D53CFCD3265A /* Categories */,
			);
			path = PhotoBrowser;
			sourceTree = "<group>";
		};
		CA01FC7C4A4DAA274ADF05C8 = {
			isa = PBXGroup;
			children = (
				CA01F28DE3FFC90100F1A8D8 /* Products */,
				CA01F136577DD0BF2910B247 /* Frameworks */,
				CA01FB03AED003E4E62BAF54 /* PhotoBrowser */,
			);
			sourceTree = "<group>";
		};
/* End PBXGroup section */

/* Begin PBXNativeTarget section */
		CA01F5C1B5ECDA9437735D36 /* PhotoBrowser */ = {
			isa = PBXNativeTarget;
			buildConfigurationList = CA01F6557F14B6A3003F0BDC /* Build configuration list for PBXNativeTarget "PhotoBrowser" */;
			buildPhases = (
				CA01F5EC1A144B39B2E1BC1B /* Sources */,
				CA01FFF2D58E48861FC8F8A0 /* Frameworks */,
				CA01FB8139B8C6CE6786EDD5 /* Resources */,
			);
			buildRules = (
			);
			dependencies = (
			);
			name = PhotoBrowser;
			productName = PhotoBrowser;
			productReference = CA01FE603BF493832E3FC968 /* PhotoBrowser.app */;
			productType = "com.apple.product-type.application";
		};
/* End PBXNativeTarget section */

/* Begin PBXProject section */
		CA01FE970A2A8D42484C1615 /* Project object */ = {
			isa = PBXProject;
			attributes = {
				CLASSPREFIX = EC;
			};
			buildConfigurationList = CA01F2BB8BFD035E19638117 /* Build configuration list for PBXProject "PhotoBrowser" */;
			compatibilityVersion = "Xcode 3.2";
			developmentRegion = English;
			hasScannedForEncodings = 0;
			knownRegions = (
				en,
			);
			mainGroup = CA01FC7C4A4DAA274ADF05C8;
			productRefGroup = CA01F28DE3FFC90100F1A8D8 /* Products */;
			projectDirPath = "";
			projectRoot = "";
			targets = (
				CA01F5C1B5ECDA9437735D36 /* PhotoBrowser */,
			);
		};
/* End PBXProject section */

/* Begin PBXResourcesBuildPhase section */
		CA01FB8139B8C6CE6786EDD5 /* Resources */ = {
			isa = PBXResourcesBuildPhase;
			buildActionMask = 2147483647;
			files = (
				CA01F015DB0CC9B1465C724E /* InfoPlist.strings in Resources */,
				CA01FAE04B31A89B98836B88 /* Default.png in Resources */,
				CA01F636857EDF1CE856FA1B /* Default@2x.png in Resources */,
				CA01FF9ABB6FFFC9B7C2CBED /* Default-568h@2x.png in Resources */,
				A5072FF616CA718A00DE6E3F /* MRPhotoBrowser.bundle in Resources */,
			);
			runOnlyForDeploymentPostprocessing = 0;
		};
/* End PBXResourcesBuildPhase section */

/* Begin PBXSourcesBuildPhase section */
		CA01F5EC1A144B39B2E1BC1B /* Sources */ = {
			isa = PBXSourcesBuildPhase;
			buildActionMask = 2147483647;
			files = (
				CA01FDE9B29D8915C06E133A /* main.m in Sources */,
				CA01F66E142F4888B4CF6FA0 /* ITAppDelegate.m in Sources */,
				CA01FDF65B2D364AE650D315 /* MRPhoto.m in Sources */,
				CA01F7398F76F3D7D4380AD9 /* MRPhotoBrowser.m in Sources */,
				CA01FBB9897606AE8C03116B /* MRPhotoTapImageView.m in Sources */,
				CA01FD1BD848B4ABA86D9095 /* MRPhotoZoomingScrollView.m in Sources */,
				CA01FED34057BA16C41FB790 /* NSAlert+MKNetworkKitAdditions.m in Sources */,
				CA01FA222CC2A547BDEF3B24 /* NSData+MKBase64.m in Sources */,
				CA01FD622D3345E58E903285 /* NSDate+RFC1123.m in Sources */,
				CA01FE782FD625E228148809 /* NSDictionary+RequestEncoding.m in Sources */,
				CA01FBD00D9E440749634599 /* NSString+MKNetworkKitAdditions.m in Sources */,
				CA01FD94AD9605B974AA76E9 /* UIAlertView+MKNetworkKitAdditions.m in Sources */,
				CA01F666AE5EA4859D30D7DF /* MKNetworkEngine.m in Sources */,
				CA01F96AC69A3A9BB162B97E /* MKNetworkOperation.m in Sources */,
				CA01FAFE57E0C37A3F6579B6 /* Reachability.m in Sources */,
				CA01F7B875BBC5CE32FDACB5 /* MRMainViewController.m in Sources */,
				CA01F6FAAFD17A558D118621 /* MRPhotoPassThroughView.m in Sources */,
				CA01F20AB34DA2827F947EEB /* MRPhotoGrayButton.m in Sources */,
				CA01F4A5EDF031C614588644 /* UIView+MRShadow.m in Sources */,
			);
			runOnlyForDeploymentPostprocessing = 0;
		};
/* End PBXSourcesBuildPhase section */

/* Begin PBXVariantGroup section */
		CA01FE78DEEA394577AA5642 /* InfoPlist.strings */ = {
			isa = PBXVariantGroup;
			children = (
				CA01F0597B7F570FB8E5B575 /* en */,
			);
			name = InfoPlist.strings;
			sourceTree = "<group>";
		};
/* End PBXVariantGroup section */

/* Begin XCBuildConfiguration section */
		CA01F661D1F288CC42A690B3 /* Release */ = {
			isa = XCBuildConfiguration;
			buildSettings = {
				GCC_PRECOMPILE_PREFIX_HEADER = YES;
				GCC_PREFIX_HEADER = "PhotoBrowser/PhotoBrowser-Prefix.pch";
				INFOPLIST_FILE = "PhotoBrowser/PhotoBrowser-Info.plist";
				PRODUCT_NAME = "$(TARGET_NAME)";
				WRAPPER_EXTENSION = app;
			};
			name = Release;
		};
		CA01FC2F8119AC802187F1B9 /* Debug */ = {
			isa = XCBuildConfiguration;
			buildSettings = {
				ALWAYS_SEARCH_USER_PATHS = NO;
				CLANG_CXX_LANGUAGE_STANDARD = "gnu++0x";
				CLANG_CXX_LIBRARY = "libc++";
				CLANG_ENABLE_OBJC_ARC = YES;
				CLANG_WARN_CONSTANT_CONVERSION = YES;
				CLANG_WARN_EMPTY_BODY = YES;
				CLANG_WARN_ENUM_CONVERSION = YES;
				CLANG_WARN_INT_CONVERSION = YES;
				CLANG_WARN__DUPLICATE_METHOD_MATCH = YES;
				"CODE_SIGN_IDENTITY[sdk=iphoneos*]" = "iPhone Developer";
				COPY_PHASE_STRIP = NO;
				GCC_C_LANGUAGE_STANDARD = gnu99;
				GCC_DYNAMIC_NO_PIC = NO;
				GCC_OPTIMIZATION_LEVEL = 0;
				GCC_PREPROCESSOR_DEFINITIONS = (
					"DEBUG=1",
					"$(inherited)",
				);
				GCC_SYMBOLS_PRIVATE_EXTERN = NO;
				GCC_WARN_ABOUT_RETURN_TYPE = YES;
				GCC_WARN_UNINITIALIZED_AUTOS = YES;
				GCC_WARN_UNUSED_VARIABLE = YES;
				IPHONEOS_DEPLOYMENT_TARGET = 6.1;
				ONLY_ACTIVE_ARCH = YES;
				SDKROOT = iphoneos;
				TARGETED_DEVICE_FAMILY = "1,2";
			};
			name = Debug;
		};
		CA01FC3594758B9B02D0601C /* Debug */ = {
			isa = XCBuildConfiguration;
			buildSettings = {
				GCC_PRECOMPILE_PREFIX_HEADER = YES;
				GCC_PREFIX_HEADER = "PhotoBrowser/PhotoBrowser-Prefix.pch";
				INFOPLIST_FILE = "PhotoBrowser/PhotoBrowser-Info.plist";
				PRODUCT_NAME = "$(TARGET_NAME)";
				WRAPPER_EXTENSION = app;
			};
			name = Debug;
		};
		CA01FC9DFB93E1CFC6B132D0 /* Release */ = {
			isa = XCBuildConfiguration;
			buildSettings = {
				ALWAYS_SEARCH_USER_PATHS = NO;
				CLANG_CXX_LANGUAGE_STANDARD = "gnu++0x";
				CLANG_CXX_LIBRARY = "libc++";
				CLANG_ENABLE_OBJC_ARC = YES;
				CLANG_WARN_CONSTANT_CONVERSION = YES;
				CLANG_WARN_EMPTY_BODY = YES;
				CLANG_WARN_ENUM_CONVERSION = YES;
				CLANG_WARN_INT_CONVERSION = YES;
				CLANG_WARN__DUPLICATE_METHOD_MATCH = YES;
				"CODE_SIGN_IDENTITY[sdk=iphoneos*]" = "iPhone Developer";
				COPY_PHASE_STRIP = YES;
				GCC_C_LANGUAGE_STANDARD = gnu99;
				GCC_WARN_ABOUT_RETURN_TYPE = YES;
				GCC_WARN_UNINITIALIZED_AUTOS = YES;
				GCC_WARN_UNUSED_VARIABLE = YES;
				IPHONEOS_DEPLOYMENT_TARGET = 6.1;
				OTHER_CFLAGS = "-DNS_BLOCK_ASSERTIONS=1";
				SDKROOT = iphoneos;
				TARGETED_DEVICE_FAMILY = "1,2";
				VALIDATE_PRODUCT = YES;
			};
			name = Release;
		};
/* End XCBuildConfiguration section */

/* Begin XCConfigurationList section */
		CA01F2BB8BFD035E19638117 /* Build configuration list for PBXProject "PhotoBrowser" */ = {
			isa = XCConfigurationList;
			buildConfigurations = (
				CA01FC9DFB93E1CFC6B132D0 /* Release */,
				CA01FC2F8119AC802187F1B9 /* Debug */,
			);
			defaultConfigurationIsVisible = 0;
			defaultConfigurationName = Release;
		};
		CA01F6557F14B6A3003F0BDC /* Build configuration list for PBXNativeTarget "PhotoBrowser" */ = {
			isa = XCConfigurationList;
			buildConfigurations = (
				CA01F661D1F288CC42A690B3 /* Release */,
				CA01FC3594758B9B02D0601C /* Debug */,
			);
			defaultConfigurationIsVisible = 0;
			defaultConfigurationName = Release;
		};
/* End XCConfigurationList section */
	};
	rootObject = CA01FE970A2A8D42484C1615 /* Project object */;
}
